
Microsoft Visual Studio Solution File, Format Version 12.00
# Visual Studio Version 17
VisualStudioVersion = 17.13.35919.96 d17.13
MinimumVisualStudioVersion = 10.0.40219.1
Project("{FAE04EC0-301F-11D3-BF4B-00C04F79EFBC}") = "TheTicketHubFunction", "TheTicketHubFunction\TheTicketHubFunction.csproj", "{09AF800C-1CCA-4BED-8A95-3CF183345363}"
EndProject
Global
	GlobalSection(SolutionConfigurationPlatforms) = preSolution
		Debug|Any CPU = Debug|Any CPU
		Release|Any CPU = Release|Any CPU
	EndGlobalSection
	GlobalSection(ProjectConfigurationPlatforms) = postSolution
		{09AF800C-1CCA-4BED-8A95-3CF183345363}.Debug|Any CPU.ActiveCfg = Debug|Any CPU
		{09AF800C-1CCA-4BED-8A95-3CF183345363}.Debug|Any CPU.Build.0 = Debug|Any CPU
		{09AF800C-1CCA-4BED-8A95-3CF183345363}.Release|Any CPU.ActiveCfg = Release|Any CPU
		{09AF800C-1CCA-4BED-8A95-3CF183345363}.Release|Any CPU.Build.0 = Release|Any CPU
	EndGlobalSection
	GlobalSection(SolutionProperties) = preSolution
		HideSolutionNode = FALSE
	EndGlobalSection
	GlobalSection(ExtensibilityGlobals) = postSolution
		SolutionGuid = {5B334FFA-E984-440C-BCBF-65810E5A8EE1}
	EndGlobalSection
EndGlobal
